// !$*UTF8*$!
{
	archiveVersion = 1;
	classes = {
	};
	objectVersion = 50;
	objects = {

/* Begin PBXBuildFile section */
		0E915803D9AAD1C6799B4136 /* Apollo in Frameworks */ = {isa = PBXBuildFile; productRef = 415FD8CE5AC4CB546A519DE1 /* Apollo */; };
		9843DE1D75C44F961877BD38 /* Graphaello.swift in Sources */ = {isa = PBXBuildFile; fileRef = 872847BEF6C13F279486C686 /* Graphaello.swift */; };
		D9105C972606156400EC3DA9 /* ProductUIApp.swift in Sources */ = {isa = PBXBuildFile; fileRef = D9105C962606156400EC3DA9 /* ProductUIApp.swift */; };
		D9105C992606156400EC3DA9 /* ContentView.swift in Sources */ = {isa = PBXBuildFile; fileRef = D9105C982606156400EC3DA9 /* ContentView.swift */; };
		D9105C9B2606156800EC3DA9 /* Assets.xcassets in Resources */ = {isa = PBXBuildFile; fileRef = D9105C9A2606156800EC3DA9 /* Assets.xcassets */; };
		D9105C9E2606156800EC3DA9 /* Preview Assets.xcassets in Resources */ = {isa = PBXBuildFile; fileRef = D9105C9D2606156800EC3DA9 /* Preview Assets.xcassets */; };
		E52E4AC01BBE60E57EAE4A6E /* LOCAL.graphql.json in Resources */ = {isa = PBXBuildFile; fileRef = D9A92BD53E4B9FD7AEBB8ADC /* LOCAL.graphql.json */; };
/* End PBXBuildFile section */

/* Begin PBXFileReference section */
		872847BEF6C13F279486C686 /* Graphaello.swift */ = {isa = PBXFileReference; explicitFileType = sourcecode.swift; lastKnownFileType = sourcecode.swift; name = Graphaello.swift; path = Graphaello.swift; sourceTree = "<group>"; };
		D9105C932606156400EC3DA9 /* ProductUI.app */ = {isa = PBXFileReference; explicitFileType = wrapper.application; includeInIndex = 0; path = ProductUI.app; sourceTree = BUILT_PRODUCTS_DIR; };
		D9105C962606156400EC3DA9 /* ProductUIApp.swift */ = {isa = PBXFileReference; lastKnownFileType = sourcecode.swift; path = ProductUIApp.swift; sourceTree = "<group>"; };
		D9105C982606156400EC3DA9 /* ContentView.swift */ = {isa = PBXFileReference; lastKnownFileType = sourcecode.swift; path = ContentView.swift; sourceTree = "<group>"; };
		D9105C9A2606156800EC3DA9 /* Assets.xcassets */ = {isa = PBXFileReference; lastKnownFileType = folder.assetcatalog; path = Assets.xcassets; sourceTree = "<group>"; };
		D9105C9D2606156800EC3DA9 /* Preview Assets.xcassets */ = {isa = PBXFileReference; lastKnownFileType = folder.assetcatalog; path = "Preview Assets.xcassets"; sourceTree = "<group>"; };
		D9105C9F2606156800EC3DA9 /* Info.plist */ = {isa = PBXFileReference; lastKnownFileType = text.plist.xml; path = Info.plist; sourceTree = "<group>"; };
		D9A92BD53E4B9FD7AEBB8ADC /* LOCAL.graphql.json */ = {isa = PBXFileReference; explicitFileType = text.json; lastKnownFileType = text.json; name = LOCAL.graphql.json; path = LOCAL.graphql.json; sourceTree = "<group>"; };
/* End PBXFileReference section */

/* Begin PBXFrameworksBuildPhase section */
		D9105C902606156400EC3DA9 /* Frameworks */ = {
			isa = PBXFrameworksBuildPhase;
			buildActionMask = 2147483647;
			files = (
				0E915803D9AAD1C6799B4136 /* Apollo in Frameworks */,
			);
			runOnlyForDeploymentPostprocessing = 0;
		};
/* End PBXFrameworksBuildPhase section */

/* Begin PBXGroup section */
		D9105C8A2606156400EC3DA9 = {
			isa = PBXGroup;
			children = (
				D9105C952606156400EC3DA9 /* ProductUI */,
				D9105C942606156400EC3DA9 /* Products */,
				872847BEF6C13F279486C686 /* Graphaello.swift */,
				D9A92BD53E4B9FD7AEBB8ADC /* LOCAL.graphql.json */,
			);
			sourceTree = "<group>";
		};
		D9105C942606156400EC3DA9 /* Products */ = {
			isa = PBXGroup;
			children = (
				D9105C932606156400EC3DA9 /* ProductUI.app */,
			);
			name = Products;
			sourceTree = "<group>";
		};
		D9105C952606156400EC3DA9 /* ProductUI */ = {
			isa = PBXGroup;
			children = (
				D9105C962606156400EC3DA9 /* ProductUIApp.swift */,
				D9105C982606156400EC3DA9 /* ContentView.swift */,
				D9105C9A2606156800EC3DA9 /* Assets.xcassets */,
				D9105C9F2606156800EC3DA9 /* Info.plist */,
				D9105C9C2606156800EC3DA9 /* Preview Content */,
			);
			path = ProductUI;
			sourceTree = "<group>";
		};
		D9105C9C2606156800EC3DA9 /* Preview Content */ = {
			isa = PBXGroup;
			children = (
				D9105C9D2606156800EC3DA9 /* Preview Assets.xcassets */,
			);
			path = "Preview Content";
			sourceTree = "<group>";
		};
/* End PBXGroup section */

/* Begin PBXNativeTarget section */
		D9105C922606156400EC3DA9 /* ProductUI */ = {
			isa = PBXNativeTarget;
			buildConfigurationList = D9105CA22606156800EC3DA9 /* Build configuration list for PBXNativeTarget "ProductUI" */;
			buildPhases = (
				A8E13292AB5650D2BD33E62C /* Graphaello */,
				D9105C8F2606156400EC3DA9 /* Sources */,
				D9105C902606156400EC3DA9 /* Frameworks */,
				D9105C912606156400EC3DA9 /* Resources */,
			);
			buildRules = (
			);
			dependencies = (
			);
			name = ProductUI;
			packageProductDependencies = (
				415FD8CE5AC4CB546A519DE1 /* Apollo */,
			);
			productName = ProductUI;
			productReference = D9105C932606156400EC3DA9 /* ProductUI.app */;
			productType = "com.apple.product-type.application";
		};
/* End PBXNativeTarget section */

/* Begin PBXProject section */
		D9105C8B2606156400EC3DA9 /* Project object */ = {
			isa = PBXProject;
			attributes = {
				LastSwiftUpdateCheck = 1240;
				LastUpgradeCheck = 1240;
				TargetAttributes = {
					D9105C922606156400EC3DA9 = {
						CreatedOnToolsVersion = 12.4;
					};
				};
			};
			buildConfigurationList = D9105C8E2606156400EC3DA9 /* Build configuration list for PBXProject "ProductUI" */;
			compatibilityVersion = "Xcode 9.3";
			developmentRegion = en;
			hasScannedForEncodings = 0;
			knownRegions = (
				en,
				Base,
			);
			mainGroup = D9105C8A2606156400EC3DA9;
			packageReferences = (
				A6E092C76BE9FCE1AEC5949C /* XCRemoteSwiftPackageReference "apollo-ios" */,
			);
			productRefGroup = D9105C942606156400EC3DA9 /* Products */;
			projectDirPath = "";
			projectRoot = "";
			targets = (
				D9105C922606156400EC3DA9 /* ProductUI */,
			);
		};
/* End PBXProject section */

/* Begin PBXResourcesBuildPhase section */
		D9105C912606156400EC3DA9 /* Resources */ = {
			isa = PBXResourcesBuildPhase;
			buildActionMask = 2147483647;
			files = (
				D9105C9E2606156800EC3DA9 /* Preview Assets.xcassets in Resources */,
				D9105C9B2606156800EC3DA9 /* Assets.xcassets in Resources */,
				E52E4AC01BBE60E57EAE4A6E /* LOCAL.graphql.json in Resources */,
			);
			runOnlyForDeploymentPostprocessing = 0;
		};
/* End PBXResourcesBuildPhase section */

/* Begin PBXShellScriptBuildPhase section */
		A8E13292AB5650D2BD33E62C /* Graphaello */ = {
			isa = PBXShellScriptBuildPhase;
			buildActionMask = 2147483647;
			files = (
			);
			inputPaths = (
			);
			name = Graphaello;
			outputPaths = (
			);
			runOnlyForDeploymentPostprocessing = 0;
			shellPath = /bin/sh;
			shellScript = "if ! type \"graphaello\" > /dev/null; then\n  echo \"warning: graphaello is not installed on your machine. Your project won't be updated automatically\"\n  exit 0\nfi\ngraphaello codegen --project $PROJECT_FILE_PATH --apollo derivedData";
		};
/* End PBXShellScriptBuildPhase section */

/* Begin PBXSourcesBuildPhase section */
		D9105C8F2606156400EC3DA9 /* Sources */ = {
			isa = PBXSourcesBuildPhase;
			buildActionMask = 2147483647;
			files = (
				D9105C992606156400EC3DA9 /* ContentView.swift in Sources */,
				D9105C972606156400EC3DA9 /* ProductUIApp.swift in Sources */,
				9843DE1D75C44F961877BD38 /* Graphaello.swift in Sources */,
			);
			runOnlyForDeploymentPostprocessing = 0;
		};
/* End PBXSourcesBuildPhase section */

/* Begin XCBuildConfiguration section */
		D9105CA02606156800EC3DA9 /* Debug */ = {
			isa = XCBuildConfiguration;
			buildSettings = {
				ALWAYS_SEARCH_USER_PATHS = NO;
				CLANG_ANALYZER_NONNULL = YES;
				CLANG_ANALYZER_NUMBER_OBJECT_CONVERSION = YES_AGGRESSIVE;
				CLANG_CXX_LANGUAGE_STANDARD = "gnu++14";
				CLANG_CXX_LIBRARY = "libc++";
				CLANG_ENABLE_MODULES = YES;
				CLANG_ENABLE_OBJC_ARC = YES;
				CLANG_ENABLE_OBJC_WEAK = YES;
				CLANG_WARN_BLOCK_CAPTURE_AUTORELEASING = YES;
				CLANG_WARN_BOOL_CONVERSION = YES;
				CLANG_WARN_COMMA = YES;
				CLANG_WARN_CONSTANT_CONVERSION = YES;
				CLANG_WARN_DEPRECATED_OBJC_IMPLEMENTATIONS = YES;
				CLANG_WARN_DIRECT_OBJC_ISA_USAGE = YES_ERROR;
				CLANG_WARN_DOCUMENTATION_COMMENTS = YES;
				CLANG_WARN_EMPTY_BODY = YES;
				CLANG_WARN_ENUM_CONVERSION = YES;
				CLANG_WARN_INFINITE_RECURSION = YES;
				CLANG_WARN_INT_CONVERSION = YES;
				CLANG_WARN_NON_LITERAL_NULL_CONVERSION = YES;
				CLANG_WARN_OBJC_IMPLICIT_RETAIN_SELF = YES;
				CLANG_WARN_OBJC_LITERAL_CONVERSION = YES;
				CLANG_WARN_OBJC_ROOT_CLASS = YES_ERROR;
				CLANG_WARN_QUOTED_INCLUDE_IN_FRAMEWORK_HEADER = YES;
				CLANG_WARN_RANGE_LOOP_ANALYSIS = YES;
				CLANG_WARN_STRICT_PROTOTYPES = YES;
				CLANG_WARN_SUSPICIOUS_MOVE = YES;
				CLANG_WARN_UNGUARDED_AVAILABILITY = YES_AGGRESSIVE;
				CLANG_WARN_UNREACHABLE_CODE = YES;
				CLANG_WARN__DUPLICATE_METHOD_MATCH = YES;
				COPY_PHASE_STRIP = NO;
				DEBUG_INFORMATION_FORMAT = dwarf;
				ENABLE_STRICT_OBJC_MSGSEND = YES;
				ENABLE_TESTABILITY = YES;
				GCC_C_LANGUAGE_STANDARD = gnu11;
				GCC_DYNAMIC_NO_PIC = NO;
				GCC_NO_COMMON_BLOCKS = YES;
				GCC_OPTIMIZATION_LEVEL = 0;
				GCC_PREPROCESSOR_DEFINITIONS = (
					"DEBUG=1",
					"$(inherited)",
				);
				GCC_WARN_64_TO_32_BIT_CONVERSION = YES;
				GCC_WARN_ABOUT_RETURN_TYPE = YES_ERROR;
				GCC_WARN_UNDECLARED_SELECTOR = YES;
				GCC_WARN_UNINITIALIZED_AUTOS = YES_AGGRESSIVE;
				GCC_WARN_UNUSED_FUNCTION = YES;
				GCC_WARN_UNUSED_VARIABLE = YES;
				IPHONEOS_DEPLOYMENT_TARGET = 14.4;
				MTL_ENABLE_DEBUG_INFO = INCLUDE_SOURCE;
				MTL_FAST_MATH = YES;
				ONLY_ACTIVE_ARCH = YES;
				SDKROOT = iphoneos;
				SWIFT_ACTIVE_COMPILATION_CONDITIONS = DEBUG;
				SWIFT_OPTIMIZATION_LEVEL = "-Onone";
			};
			name = Debug;
		};
		D9105CA12606156800EC3DA9 /* Release */ = {
			isa = XCBuildConfiguration;
			buildSettings = {
				ALWAYS_SEARCH_USER_PATHS = NO;
				CLANG_ANALYZER_NONNULL = YES;
				CLANG_ANALYZER_NUMBER_OBJECT_CONVERSION = YES_AGGRESSIVE;
				CLANG_CXX_LANGUAGE_STANDARD = "gnu++14";
				CLANG_CXX_LIBRARY = "libc++";
				CLANG_ENABLE_MODULES = YES;
				CLANG_ENABLE_OBJC_ARC = YES;
				CLANG_ENABLE_OBJC_WEAK = YES;
				CLANG_WARN_BLOCK_CAPTURE_AUTORELEASING = YES;
				CLANG_WARN_BOOL_CONVERSION = YES;
				CLANG_WARN_COMMA = YES;
				CLANG_WARN_CONSTANT_CONVERSION = YES;
				CLANG_WARN_DEPRECATED_OBJC_IMPLEMENTATIONS = YES;
				CLANG_WARN_DIRECT_OBJC_ISA_USAGE = YES_ERROR;
				CLANG_WARN_DOCUMENTATION_COMMENTS = YES;
				CLANG_WARN_EMPTY_BODY = YES;
				CLANG_WARN_ENUM_CONVERSION = YES;
				CLANG_WARN_INFINITE_RECURSION = YES;
				CLANG_WARN_INT_CONVERSION = YES;
				CLANG_WARN_NON_LITERAL_NULL_CONVERSION = YES;
				CLANG_WARN_OBJC_IMPLICIT_RETAIN_SELF = YES;
				CLANG_WARN_OBJC_LITERAL_CONVERSION = YES;
				CLANG_WARN_OBJC_ROOT_CLASS = YES_ERROR;
				CLANG_WARN_QUOTED_INCLUDE_IN_FRAMEWORK_HEADER = YES;
				CLANG_WARN_RANGE_LOOP_ANALYSIS = YES;
				CLANG_WARN_STRICT_PROTOTYPES = YES;
				CLANG_WARN_SUSPICIOUS_MOVE = YES;
				CLANG_WARN_UNGUARDED_AVAILABILITY = YES_AGGRESSIVE;
				CLANG_WARN_UNREACHABLE_CODE = YES;
				CLANG_WARN__DUPLICATE_METHOD_MATCH = YES;
				COPY_PHASE_STRIP = NO;
				DEBUG_INFORMATION_FORMAT = "dwarf-with-dsym";
				ENABLE_NS_ASSERTIONS = NO;
				ENABLE_STRICT_OBJC_MSGSEND = YES;
				GCC_C_LANGUAGE_STANDARD = gnu11;
				GCC_NO_COMMON_BLOCKS = YES;
				GCC_WARN_64_TO_32_BIT_CONVERSION = YES;
				GCC_WARN_ABOUT_RETURN_TYPE = YES_ERROR;
				GCC_WARN_UNDECLARED_SELECTOR = YES;
				GCC_WARN_UNINITIALIZED_AUTOS = YES_AGGRESSIVE;
				GCC_WARN_UNUSED_FUNCTION = YES;
				GCC_WARN_UNUSED_VARIABLE = YES;
				IPHONEOS_DEPLOYMENT_TARGET = 14.4;
				MTL_ENABLE_DEBUG_INFO = NO;
				MTL_FAST_MATH = YES;
				SDKROOT = iphoneos;
				SWIFT_COMPILATION_MODE = wholemodule;
				SWIFT_OPTIMIZATION_LEVEL = "-O";
				VALIDATE_PRODUCT = YES;
			};
			name = Release;
		};
		D9105CA32606156800EC3DA9 /* Debug */ = {
			isa = XCBuildConfiguration;
			buildSettings = {
				ASSETCATALOG_COMPILER_APPICON_NAME = AppIcon;
				ASSETCATALOG_COMPILER_GLOBAL_ACCENT_COLOR_NAME = AccentColor;
				CODE_SIGN_STYLE = Automatic;
				DEVELOPMENT_ASSET_PATHS = "\"ProductUI/Preview Content\"";
				DEVELOPMENT_TEAM = C2JSJLJ4FN;
				ENABLE_PREVIEWS = YES;
				INFOPLIST_FILE = ProductUI/Info.plist;
				IPHONEOS_DEPLOYMENT_TARGET = 14.0;
				LD_RUNPATH_SEARCH_PATHS = (
					"$(inherited)",
					"@executable_path/Frameworks",
				);
				PRODUCT_BUNDLE_IDENTIFIER = com.jeonggo.ProductUI;
				PRODUCT_NAME = "$(TARGET_NAME)";
				SWIFT_ACTIVE_COMPILATION_CONDITIONS = "$(inherited) GRAPHAELLO_PRODUCT_UI_TARGET";
				SWIFT_VERSION = 5.0;
				TARGETED_DEVICE_FAMILY = "1,2";
			};
			name = Debug;
		};
		D9105CA42606156800EC3DA9 /* Release */ = {
			isa = XCBuildConfiguration;
			buildSettings = {
				ASSETCATALOG_COMPILER_APPICON_NAME = AppIcon;
				ASSETCATALOG_COMPILER_GLOBAL_ACCENT_COLOR_NAME = AccentColor;
				CODE_SIGN_STYLE = Automatic;
				DEVELOPMENT_ASSET_PATHS = "\"ProductUI/Preview Content\"";
				DEVELOPMENT_TEAM = C2JSJLJ4FN;
				ENABLE_PREVIEWS = YES;
				INFOPLIST_FILE = ProductUI/Info.plist;
				IPHONEOS_DEPLOYMENT_TARGET = 14.0;
				LD_RUNPATH_SEARCH_PATHS = (
					"$(inherited)",
					"@executable_path/Frameworks",
				);
				PRODUCT_BUNDLE_IDENTIFIER = com.jeonggo.ProductUI;
				PRODUCT_NAME = "$(TARGET_NAME)";
				SWIFT_ACTIVE_COMPILATION_CONDITIONS = "GRAPHAELLO_PRODUCT_UI_TARGET $(inherited)";
				SWIFT_VERSION = 5.0;
				TARGETED_DEVICE_FAMILY = "1,2";
			};
			name = Release;
		};
/* End XCBuildConfiguration section */

/* Begin XCConfigurationList section */
		D9105C8E2606156400EC3DA9 /* Build configuration list for PBXProject "ProductUI" */ = {
			isa = XCConfigurationList;
			buildConfigurations = (
				D9105CA02606156800EC3DA9 /* Debug */,
				D9105CA12606156800EC3DA9 /* Release */,
			);
			defaultConfigurationIsVisible = 0;
			defaultConfigurationName = Release;
		};
		D9105CA22606156800EC3DA9 /* Build configuration list for PBXNativeTarget "ProductUI" */ = {
			isa = XCConfigurationList;
			buildConfigurations = (
				D9105CA32606156800EC3DA9 /* Debug */,
				D9105CA42606156800EC3DA9 /* Release */,
			);
			defaultConfigurationIsVisible = 0;
			defaultConfigurationName = Release;
		};
/* End XCConfigurationList section */

/* Begin XCRemoteSwiftPackageReference section */
		A6E092C76BE9FCE1AEC5949C /* XCRemoteSwiftPackageReference "apollo-ios" */ = {
			isa = XCRemoteSwiftPackageReference;
			repositoryURL = "https://github.com/apollographql/apollo-ios.git";
			requirement = {
				kind = upToNextMinorVersion;
				minimumVersion = 0.40.0;
			};
		};
/* End XCRemoteSwiftPackageReference section */

/* Begin XCSwiftPackageProductDependency section */
		415FD8CE5AC4CB546A519DE1 /* Apollo */ = {
			isa = XCSwiftPackageProductDependency;
			package = A6E092C76BE9FCE1AEC5949C /* XCRemoteSwiftPackageReference "apollo-ios" */;
			productName = Apollo;
		};
/* End XCSwiftPackageProductDependency section */
	};
	rootObject = D9105C8B2606156400EC3DA9 /* Project object */;
}
